
Microsoft Visual Studio Solution File, Format Version 12.00
# Visual Studio Version 16
VisualStudioVersion = 16.0.31613.86
MinimumVisualStudioVersion = 10.0.40219.1
Project("{FAE04EC0-301F-11D3-BF4B-00C04F79EFBC}") = "LoadBalancerTests", "LoadBalancerTests\LoadBalancerTests.csproj", "{1F5100F5-2260-4ECC-B9F5-F50730D2AA0F}"
EndProject
Project("{FAE04EC0-301F-11D3-BF4B-00C04F79EFBC}") = "ConsistentHashUnitTests", "ConsistentHashUnitTests\ConsistentHashUnitTests.csproj", "{922A3C03-D2B4-475F-AFA2-AC80570B42A9}"
EndProject
Global
	GlobalSection(SolutionConfigurationPlatforms) = preSolution
		Debug|Any CPU = Debug|Any CPU
		Release|Any CPU = Release|Any CPU
	EndGlobalSection
	GlobalSection(ProjectConfigurationPlatforms) = postSolution
		{1F5100F5-2260-4ECC-B9F5-F50730D2AA0F}.Debug|Any CPU.ActiveCfg = Debug|Any CPU
		{1F5100F5-2260-4ECC-B9F5-F50730D2AA0F}.Debug|Any CPU.Build.0 = Debug|Any CPU
		{1F5100F5-2260-4ECC-B9F5-F50730D2AA0F}.Release|Any CPU.ActiveCfg = Release|Any CPU
		{1F5100F5-2260-4ECC-B9F5-F50730D2AA0F}.Release|Any CPU.Build.0 = Release|Any CPU
		{922A3C03-D2B4-475F-AFA2-AC80570B42A9}.Debug|Any CPU.ActiveCfg = Debug|Any CPU
		{922A3C03-D2B4-475F-AFA2-AC80570B42A9}.Debug|Any CPU.Build.0 = Debug|Any CPU
		{922A3C03-D2B4-475F-AFA2-AC80570B42A9}.Release|Any CPU.ActiveCfg = Release|Any CPU
		{922A3C03-D2B4-475F-AFA2-AC80570B42A9}.Release|Any CPU.Build.0 = Release|Any CPU
	EndGlobalSection
	GlobalSection(SolutionProperties) = preSolution
		HideSolutionNode = FALSE
	EndGlobalSection
	GlobalSection(ExtensibilityGlobals) = postSolution
		SolutionGuid = {747834D6-972A-4DD4-8042-2D932FAAFB58}
	EndGlobalSection
EndGlobal
